{
  "name": "hashy",
  "version": "1.0.0",
  "lockfileVersion": 2,
  "requires": true,
  "packages": {
    "": {
      "version": "1.0.0",
      "license": "ISC",
      "dependencies": {
        "apache-crypt": "^1.2.4",
        "unixcrypt": "^1.0.13"
      }
    },
    "node_modules/apache-crypt": {
      "version": "1.2.4",
      "resolved": "https://registry.npmjs.org/apache-crypt/-/apache-crypt-1.2.4.tgz",
      "integrity": "sha512-Icze5ny5W5uv3xgMgl8U+iGmRCC0iIDrb2PVPuRBtL3Zy1Y5TMewXP1Vtc4r5X9eNNBEk7KYPu0Qby9m/PmcHg==",
      "dependencies": {
        "unix-crypt-td-js": "^1.1.4"
      },
      "engines": {
        "node": ">=8"
      }
    },
    "node_modules/unix-crypt-td-js": {
      "version": "1.1.4",
      "resolved": "https://registry.npmjs.org/unix-crypt-td-js/-/unix-crypt-td-js-1.1.4.tgz",
      "integrity": "sha512-8rMeVYWSIyccIJscb9NdCfZKSRBKYTeVnwmiRYT2ulE3qd1RaDQ0xQDP+rI3ccIWbhu/zuo5cgN8z73belNZgw=="
    },
    "node_modules/unixcrypt": {
      "version": "1.0.13",
      "resolved": "https://registry.npmjs.org/unixcrypt/-/unixcrypt-1.0.13.tgz",
      "integrity": "sha512-KyY6/zwyLqE91unElQwvCVaXQLdvAC94rQkadozmY6IMIMWL3a7IR4T09+Kl8NFKWfSVMUd7oq/OSBRg2dqXXA=="
    }
  },
  "dependencies": {
    "apache-crypt": {
      "version": "1.2.4",
      "resolved": "https://registry.npmjs.org/apache-crypt/-/apache-crypt-1.2.4.tgz",
      "integrity": "sha512-Icze5ny5W5uv3xgMgl8U+iGmRCC0iIDrb2PVPuRBtL3Zy1Y5TMewXP1Vtc4r5X9eNNBEk7KYPu0Qby9m/PmcHg==",
      "requires": {
        "unix-crypt-td-js": "^1.1.4"
      }
    },
    "unix-crypt-td-js": {
      "version": "1.1.4",
      "resolved": "https://registry.npmjs.org/unix-crypt-td-js/-/unix-crypt-td-js-1.1.4.tgz",
      "integrity": "sha512-8rMeVYWSIyccIJscb9NdCfZKSRBKYTeVnwmiRYT2ulE3qd1RaDQ0xQDP+rI3ccIWbhu/zuo5cgN8z73belNZgw=="
    },
    "unixcrypt": {
      "version": "1.0.13",
      "resolved": "https://registry.npmjs.org/unixcrypt/-/unixcrypt-1.0.13.tgz",
      "integrity": "sha512-KyY6/zwyLqE91unElQwvCVaXQLdvAC94rQkadozmY6IMIMWL3a7IR4T09+Kl8NFKWfSVMUd7oq/OSBRg2dqXXA=="
    }
  }
}
